
Microsoft Visual Studio Solution File, Format Version 12.00
# Visual Studio Version 16
VisualStudioVersion = 16.0.31313.79
MinimumVisualStudioVersion = 10.0.40219.1
Project("{FAE04EC0-301F-11D3-BF4B-00C04F79EFBC}") = "PTManager", "PTManager.csproj", "{A64B226C-43FE-4FB5-B4AA-BB7D2E8D3E1E}"
EndProject
Global
	GlobalSection(SolutionConfigurationPlatforms) = preSolution
		Debug|Any CPU = Debug|Any CPU
		Release|Any CPU = Release|Any CPU
	EndGlobalSection
	GlobalSection(ProjectConfigurationPlatforms) = postSolution
		{A64B226C-43FE-4FB5-B4AA-BB7D2E8D3E1E}.Debug|Any CPU.ActiveCfg = Debug|Any CPU
		{A64B226C-43FE-4FB5-B4AA-BB7D2E8D3E1E}.Debug|Any CPU.Build.0 = Debug|Any CPU
		{A64B226C-43FE-4FB5-B4AA-BB7D2E8D3E1E}.Release|Any CPU.ActiveCfg = Release|Any CPU
		{A64B226C-43FE-4FB5-B4AA-BB7D2E8D3E1E}.Release|Any CPU.Build.0 = Release|Any CPU
	EndGlobalSection
	GlobalSection(SolutionProperties) = preSolution
		HideSolutionNode = FALSE
	EndGlobalSection
	GlobalSection(ExtensibilityGlobals) = postSolution
		SolutionGuid = {DE3EFDD5-5C84-4E4C-96AF-3238B3D4E009}
	EndGlobalSection
EndGlobal
